
Microsoft Visual Studio Solution File, Format Version 12.00
# Visual Studio Version 17
VisualStudioVersion = 17.1.32210.238
MinimumVisualStudioVersion = 10.0.40219.1
Project("{9A19103F-16F7-4668-BE54-9A1E7A4F7556}") = "CumminsEcmEditor", "CumminsEcmEditor.csproj", "{7E3A71E0-52FF-4C2F-BF4B-39477129FD60}"
EndProject
Project("{9A19103F-16F7-4668-BE54-9A1E7A4F7556}") = "ConsoleEditor", "ConsoleEditor\ConsoleEditor.csproj", "{1BBE0F50-0742-4AFC-ADB1-C07C9CAC3C5F}"
EndProject
Global
	GlobalSection(SolutionConfigurationPlatforms) = preSolution
		Debug|Any CPU = Debug|Any CPU
		Release|Any CPU = Release|Any CPU
	EndGlobalSection
	GlobalSection(ProjectConfigurationPlatforms) = postSolution
		{7E3A71E0-52FF-4C2F-BF4B-39477129FD60}.Debug|Any CPU.ActiveCfg = Debug|Any CPU
		{7E3A71E0-52FF-4C2F-BF4B-39477129FD60}.Debug|Any CPU.Build.0 = Debug|Any CPU
		{7E3A71E0-52FF-4C2F-BF4B-39477129FD60}.Release|Any CPU.ActiveCfg = Release|Any CPU
		{7E3A71E0-52FF-4C2F-BF4B-39477129FD60}.Release|Any CPU.Build.0 = Release|Any CPU
		{1BBE0F50-0742-4AFC-ADB1-C07C9CAC3C5F}.Debug|Any CPU.ActiveCfg = Debug|Any CPU
		{1BBE0F50-0742-4AFC-ADB1-C07C9CAC3C5F}.Debug|Any CPU.Build.0 = Debug|Any CPU
		{1BBE0F50-0742-4AFC-ADB1-C07C9CAC3C5F}.Release|Any CPU.ActiveCfg = Release|Any CPU
		{1BBE0F50-0742-4AFC-ADB1-C07C9CAC3C5F}.Release|Any CPU.Build.0 = Release|Any CPU
	EndGlobalSection
	GlobalSection(SolutionProperties) = preSolution
		HideSolutionNode = FALSE
	EndGlobalSection
	GlobalSection(ExtensibilityGlobals) = postSolution
		SolutionGuid = {6627150F-2888-47D4-8C28-B9FA61111EF4}
	EndGlobalSection
	GlobalSection(MonoDevelopProperties) = preSolution
		Policies = $0
		$0.TextStylePolicy = $1
		$1.inheritsSet = null
		$1.scope = text/x-csharp
		$0.CSharpFormattingPolicy = $2
		$2.scope = text/x-csharp
		$0.TextStylePolicy = $3
		$3.FileWidth = 80
		$3.TabsToSpaces = True
		$3.scope = text/plain
		$3.TabWidth = 2
		$3.IndentWidth = 2
		$0.StandardHeader = $4
	EndGlobalSection
EndGlobal
