
Microsoft Visual Studio Solution File, Format Version 12.00
# Visual Studio Version 16
VisualStudioVersion = 16.0.30114.105
MinimumVisualStudioVersion = 10.0.40219.1
Project("{FAE04EC0-301F-11D3-BF4B-00C04F79EFBC}") = "CumminsEcmEditor", "CumminsEcmEditor.csproj", "{7E3A71E0-52FF-4C2F-BF4B-39477129FD60}"
EndProject
Project("{FAE04EC0-301F-11D3-BF4B-00C04F79EFBC}") = "ConsoleEditor", "ConsoleEditor\ConsoleEditor.csproj", "{1BBE0F50-0742-4AFC-ADB1-C07C9CAC3C5F}"
EndProject
Global
	GlobalSection(SolutionConfigurationPlatforms) = preSolution
		Debug|Any CPU = Debug|Any CPU
		Release|Any CPU = Release|Any CPU
	EndGlobalSection
	GlobalSection(SolutionProperties) = preSolution
		HideSolutionNode = FALSE
	EndGlobalSection
	GlobalSection(ProjectConfigurationPlatforms) = postSolution
		{7E3A71E0-52FF-4C2F-BF4B-39477129FD60}.Debug|Any CPU.ActiveCfg = Debug|Any CPU
		{7E3A71E0-52FF-4C2F-BF4B-39477129FD60}.Debug|Any CPU.Build.0 = Debug|Any CPU
		{7E3A71E0-52FF-4C2F-BF4B-39477129FD60}.Release|Any CPU.ActiveCfg = Release|Any CPU
		{7E3A71E0-52FF-4C2F-BF4B-39477129FD60}.Release|Any CPU.Build.0 = Release|Any CPU
		{1BBE0F50-0742-4AFC-ADB1-C07C9CAC3C5F}.Debug|Any CPU.ActiveCfg = Debug|Any CPU
		{1BBE0F50-0742-4AFC-ADB1-C07C9CAC3C5F}.Debug|Any CPU.Build.0 = Debug|Any CPU
		{1BBE0F50-0742-4AFC-ADB1-C07C9CAC3C5F}.Release|Any CPU.ActiveCfg = Release|Any CPU
		{1BBE0F50-0742-4AFC-ADB1-C07C9CAC3C5F}.Release|Any CPU.Build.0 = Release|Any CPU
	EndGlobalSection
EndGlobal
